{
  "name": "attheme-editor-api",
  "version": "1.0.0",
  "lockfileVersion": 1,
  "requires": true,
  "dependencies": {
    "attheme-js": {
      "version": "1.1.1",
      "resolved": "https://registry.npmjs.org/attheme-js/-/attheme-js-1.1.1.tgz",
      "integrity": "sha512-OHWZkeSoECEnYlJWVd388V65VQYkh4R9y8QOd4ESSafsFevOvc1vecVg5ZDqpJZGzS6du0Lo6m6kC6fdd6eLWA=="
    },
    "detect-node": {
      "version": "2.0.3",
      "resolved": "https://registry.npmjs.org/detect-node/-/detect-node-2.0.3.tgz",
      "integrity": "sha1-ogM8CcyOFY03dI+951B4Mr1s4Sc="
    }
  }
}
